
Microsoft Visual Studio Solution File, Format Version 12.00
# Visual Studio Version 17
VisualStudioVersion = 17.4.33205.214
MinimumVisualStudioVersion = 10.0.40219.1
Project("{FAE04EC0-301F-11D3-BF4B-00C04F79EFBC}") = "Testavimas", "Testavimas\Testavimas.csproj", "{F992559E-FC11-41D1-91CE-FB8A6867F981}"
EndProject
Global
	GlobalSection(SolutionConfigurationPlatforms) = preSolution
		Debug|Any CPU = Debug|Any CPU
		Release|Any CPU = Release|Any CPU
	EndGlobalSection
	GlobalSection(ProjectConfigurationPlatforms) = postSolution
		{F992559E-FC11-41D1-91CE-FB8A6867F981}.Debug|Any CPU.ActiveCfg = Debug|Any CPU
		{F992559E-FC11-41D1-91CE-FB8A6867F981}.Debug|Any CPU.Build.0 = Debug|Any CPU
		{F992559E-FC11-41D1-91CE-FB8A6867F981}.Release|Any CPU.ActiveCfg = Release|Any CPU
		{F992559E-FC11-41D1-91CE-FB8A6867F981}.Release|Any CPU.Build.0 = Release|Any CPU
	EndGlobalSection
	GlobalSection(SolutionProperties) = preSolution
		HideSolutionNode = FALSE
	EndGlobalSection
	GlobalSection(ExtensibilityGlobals) = postSolution
		SolutionGuid = {F09DDB9D-7044-4E61-BA71-0D1A5C673286}
	EndGlobalSection
EndGlobal
